# @generated - this file is auto-generated by `mise lock` https://mise.jdx.dev/dev-tools/mise-lock.html

lockfile_version = 2

[[tools.go]]
version = "1.25.0"
backend = "core:go"
specifiers = ["1.25.0"]

[tools.go."platforms.linux-arm64"]
checksum = "sha256:05de75d6994a2783699815ee553bd5a9327d8b79991de36e38b66862782f54ae"
url = "https://dl.google.com/go/go1.25.0.linux-arm64.tar.gz"

[tools.go."platforms.linux-arm64-musl"]
checksum = "sha256:05de75d6994a2783699815ee553bd5a9327d8b79991de36e38b66862782f54ae"
url = "https://dl.google.com/go/go1.25.0.linux-arm64.tar.gz"

[tools.go."platforms.linux-x64"]
checksum = "sha256:2852af0cb20a13139b3448992e69b868e50ed0f8a1e5940ee1de9e19a123b613"
url = "https://dl.google.com/go/go1.25.0.linux-amd64.tar.gz"

[tools.go."platforms.linux-x64-musl"]
checksum = "sha256:2852af0cb20a13139b3448992e69b868e50ed0f8a1e5940ee1de9e19a123b613"
url = "https://dl.google.com/go/go1.25.0.linux-amd64.tar.gz"

[tools.go."platforms.macos-arm64"]
checksum = "sha256:544932844156d8172f7a28f77f2ac9c15a23046698b6243f633b0a0b00c0749c"
url = "https://dl.google.com/go/go1.25.0.darwin-arm64.tar.gz"

[tools.go."platforms.macos-x64"]
checksum = "sha256:5bd60e823037062c2307c71e8111809865116714d6f6b410597cf5075dfd80ef"
url = "https://dl.google.com/go/go1.25.0.darwin-amd64.tar.gz"

[tools.go."platforms.windows-x64"]
checksum = "sha256:89efb4f9b30812eee083cc1770fdd2913c14d301064f6454851428f9707d190b"
url = "https://dl.google.com/go/go1.25.0.windows-amd64.zip"
